
Microsoft Visual Studio Solution File, Format Version 12.00
# Visual Studio 15
VisualStudioVersion = 15.0.27703.2018
MinimumVisualStudioVersion = 10.0.40219.1
Project("{FAE04EC0-301F-11D3-BF4B-00C04F79EFBC}") = "DataGenNetCore", "DataGenNetCore\DataGenNetCore.csproj", "{32FEE8C3-73AF-4FF1-9323-01DD560D6939}"
EndProject
Global
	GlobalSection(SolutionConfigurationPlatforms) = preSolution
		Debug|Any CPU = Debug|Any CPU
		Release|Any CPU = Release|Any CPU
	EndGlobalSection
	GlobalSection(ProjectConfigurationPlatforms) = postSolution
		{32FEE8C3-73AF-4FF1-9323-01DD560D6939}.Debug|Any CPU.ActiveCfg = Debug|Any CPU
		{32FEE8C3-73AF-4FF1-9323-01DD560D6939}.Debug|Any CPU.Build.0 = Debug|Any CPU
		{32FEE8C3-73AF-4FF1-9323-01DD560D6939}.Release|Any CPU.ActiveCfg = Release|Any CPU
		{32FEE8C3-73AF-4FF1-9323-01DD560D6939}.Release|Any CPU.Build.0 = Release|Any CPU
	EndGlobalSection
	GlobalSection(SolutionProperties) = preSolution
		HideSolutionNode = FALSE
	EndGlobalSection
	GlobalSection(ExtensibilityGlobals) = postSolution
		SolutionGuid = {3C529916-A839-49AC-A0F6-DBE6F42C1FAE}
	EndGlobalSection
EndGlobal
