
Microsoft Visual Studio Solution File, Format Version 12.00
# Visual Studio 15
VisualStudioVersion = 15.0.27703.2035
MinimumVisualStudioVersion = 10.0.40219.1
Project("{9A19103F-16F7-4668-BE54-9A1E7A4F7556}") = "HeartBeat", "HeartBeat\HeartBeat.csproj", "{9820FCE7-D8FD-42BE-870C-270AC11EDE44}"
EndProject
Project("{9A19103F-16F7-4668-BE54-9A1E7A4F7556}") = "HeartMonitor", "HeartMonitor\HeartMonitor.csproj", "{45CF8CFE-4222-463B-AC7D-917578FA7497}"
EndProject
Global
	GlobalSection(SolutionConfigurationPlatforms) = preSolution
		Debug|Any CPU = Debug|Any CPU
		Release|Any CPU = Release|Any CPU
	EndGlobalSection
	GlobalSection(ProjectConfigurationPlatforms) = postSolution
		{9820FCE7-D8FD-42BE-870C-270AC11EDE44}.Debug|Any CPU.ActiveCfg = Debug|Any CPU
		{9820FCE7-D8FD-42BE-870C-270AC11EDE44}.Debug|Any CPU.Build.0 = Debug|Any CPU
		{9820FCE7-D8FD-42BE-870C-270AC11EDE44}.Release|Any CPU.ActiveCfg = Release|Any CPU
		{9820FCE7-D8FD-42BE-870C-270AC11EDE44}.Release|Any CPU.Build.0 = Release|Any CPU
		{45CF8CFE-4222-463B-AC7D-917578FA7497}.Debug|Any CPU.ActiveCfg = Debug|Any CPU
		{45CF8CFE-4222-463B-AC7D-917578FA7497}.Debug|Any CPU.Build.0 = Debug|Any CPU
		{45CF8CFE-4222-463B-AC7D-917578FA7497}.Release|Any CPU.ActiveCfg = Release|Any CPU
		{45CF8CFE-4222-463B-AC7D-917578FA7497}.Release|Any CPU.Build.0 = Release|Any CPU
	EndGlobalSection
	GlobalSection(SolutionProperties) = preSolution
		HideSolutionNode = FALSE
	EndGlobalSection
	GlobalSection(ExtensibilityGlobals) = postSolution
		SolutionGuid = {902008E1-BB98-414B-A5BA-A82CEB1B4A91}
	EndGlobalSection
EndGlobal
