
Microsoft Visual Studio Solution File, Format Version 12.00
# Visual Studio 15
VisualStudioVersion = 15.0.27703.2035
MinimumVisualStudioVersion = 10.0.40219.1
Project("{9A19103F-16F7-4668-BE54-9A1E7A4F7556}") = "Service1", "Service1\Service1.csproj", "{71257B92-61E7-4B8C-AA6F-FF51218848A4}"
EndProject
Project("{9A19103F-16F7-4668-BE54-9A1E7A4F7556}") = "Service2", "Service2\Service2.csproj", "{56F793B9-3267-4547-A47D-81062210F2F6}"
EndProject
Global
	GlobalSection(SolutionConfigurationPlatforms) = preSolution
		Debug|Any CPU = Debug|Any CPU
		Release|Any CPU = Release|Any CPU
	EndGlobalSection
	GlobalSection(ProjectConfigurationPlatforms) = postSolution
		{71257B92-61E7-4B8C-AA6F-FF51218848A4}.Debug|Any CPU.ActiveCfg = Debug|Any CPU
		{71257B92-61E7-4B8C-AA6F-FF51218848A4}.Debug|Any CPU.Build.0 = Debug|Any CPU
		{71257B92-61E7-4B8C-AA6F-FF51218848A4}.Release|Any CPU.ActiveCfg = Release|Any CPU
		{71257B92-61E7-4B8C-AA6F-FF51218848A4}.Release|Any CPU.Build.0 = Release|Any CPU
		{56F793B9-3267-4547-A47D-81062210F2F6}.Debug|Any CPU.ActiveCfg = Debug|Any CPU
		{56F793B9-3267-4547-A47D-81062210F2F6}.Debug|Any CPU.Build.0 = Debug|Any CPU
		{56F793B9-3267-4547-A47D-81062210F2F6}.Release|Any CPU.ActiveCfg = Release|Any CPU
		{56F793B9-3267-4547-A47D-81062210F2F6}.Release|Any CPU.Build.0 = Release|Any CPU
	EndGlobalSection
	GlobalSection(SolutionProperties) = preSolution
		HideSolutionNode = FALSE
	EndGlobalSection
	GlobalSection(ExtensibilityGlobals) = postSolution
		SolutionGuid = {D3FF3093-18E7-4012-A9BB-72AED506D6C7}
	EndGlobalSection
EndGlobal
