
Microsoft Visual Studio Solution File, Format Version 12.00
# Visual Studio 15
VisualStudioVersion = 15.0.27703.2026
MinimumVisualStudioVersion = 10.0.40219.1
Project("{FAE04EC0-301F-11D3-BF4B-00C04F79EFBC}") = "DemoApp", "DemoApp\DemoApp.csproj", "{6624CC7C-B7B5-4CF2-9F95-CA7CDA7139D8}"
EndProject
Global
	GlobalSection(SolutionConfigurationPlatforms) = preSolution
		Debug|Any CPU = Debug|Any CPU
		Release|Any CPU = Release|Any CPU
	EndGlobalSection
	GlobalSection(ProjectConfigurationPlatforms) = postSolution
		{6624CC7C-B7B5-4CF2-9F95-CA7CDA7139D8}.Debug|Any CPU.ActiveCfg = Debug|Any CPU
		{6624CC7C-B7B5-4CF2-9F95-CA7CDA7139D8}.Debug|Any CPU.Build.0 = Debug|Any CPU
		{6624CC7C-B7B5-4CF2-9F95-CA7CDA7139D8}.Release|Any CPU.ActiveCfg = Release|Any CPU
		{6624CC7C-B7B5-4CF2-9F95-CA7CDA7139D8}.Release|Any CPU.Build.0 = Release|Any CPU
	EndGlobalSection
	GlobalSection(SolutionProperties) = preSolution
		HideSolutionNode = FALSE
	EndGlobalSection
	GlobalSection(ExtensibilityGlobals) = postSolution
		SolutionGuid = {473B6656-363A-4FFE-BD73-BAD43A2C669E}
	EndGlobalSection
EndGlobal
